# Generated by pub
# See https://www.dartlang.org/tools/pub/glossary#lockfile
packages:
  collection:
    dependency: transitive
    description:
      name: collection
      url: "https://pub.dartlang.org"
    source: hosted
    version: "1.14.11"
  flutter:
    dependency: "direct main"
    description: flutter
    source: sdk
    version: "0.0.0"
  graph:
    dependency: "direct main"
    description:
      path: "."
      ref: HEAD
      resolved-ref: e209df078e87b248b22c9d1aa19c0e672393cb56
      url: "https://github.com/kevmoo/graph"
    source: git
    version: "0.1.0-dev"
  graphs:
    dependency: transitive
    description:
      name: graphs
      url: "https://pub.dartlang.org"
    source: hosted
    version: "0.1.2+1"
  meta:
    dependency: transitive
    description:
      name: meta
      url: "https://pub.dartlang.org"
    source: hosted
    version: "1.1.6"
  sky_engine:
    dependency: transitive
    description: flutter
    source: sdk
    version: "0.0.99"
  typed_data:
    dependency: transitive
    description:
      name: typed_data
      url: "https://pub.dartlang.org"
    source: hosted
    version: "1.1.6"
  vector_math:
    dependency: transitive
    description:
      name: vector_math
      url: "https://pub.dartlang.org"
    source: hosted
    version: "2.0.8"
sdks:
  dart: ">=2.0.0 <3.0.0"
